
Microsoft Visual Studio Solution File, Format Version 12.00
# Visual Studio Version 17
VisualStudioVersion = 17.12.35527.113
MinimumVisualStudioVersion = 10.0.40219.1
Project("{FAE04EC0-301F-11D3-BF4B-00C04F79EFBC}") = "PythonConnect.TestConsole", "PythonConnect.TestConsole\PythonConnect.TestConsole.csproj", "{126B5A70-FF1D-4BAF-B296-92D29B16D62F}"
	ProjectSection(ProjectDependencies) = postProject
		{D20A2E1C-F786-49B0-9F10-920256647C4B} = {D20A2E1C-F786-49B0-9F10-920256647C4B}
	EndProjectSection
EndProject
Project("{888888A0-9F3D-457C-B088-3A5042F75D52}") = "PythonConnect.TestPythonProject", "PythonConnect.TestPythonProject\PythonConnect.TestPythonProject.pyproj", "{4F2A57A3-C20E-4C67-B3E3-374FE7A7B04B}"
EndProject
Project("{FAE04EC0-301F-11D3-BF4B-00C04F79EFBC}") = "PythonConnect", "PythonConnect\PythonConnect.csproj", "{D20A2E1C-F786-49B0-9F10-920256647C4B}"
EndProject
Global
	GlobalSection(SolutionConfigurationPlatforms) = preSolution
		Debug|Any CPU = Debug|Any CPU
		Release|Any CPU = Release|Any CPU
	EndGlobalSection
	GlobalSection(ProjectConfigurationPlatforms) = postSolution
		{126B5A70-FF1D-4BAF-B296-92D29B16D62F}.Debug|Any CPU.ActiveCfg = Debug|Any CPU
		{126B5A70-FF1D-4BAF-B296-92D29B16D62F}.Debug|Any CPU.Build.0 = Debug|Any CPU
		{126B5A70-FF1D-4BAF-B296-92D29B16D62F}.Release|Any CPU.ActiveCfg = Release|Any CPU
		{126B5A70-FF1D-4BAF-B296-92D29B16D62F}.Release|Any CPU.Build.0 = Release|Any CPU
		{4F2A57A3-C20E-4C67-B3E3-374FE7A7B04B}.Debug|Any CPU.ActiveCfg = Debug|Any CPU
		{4F2A57A3-C20E-4C67-B3E3-374FE7A7B04B}.Release|Any CPU.ActiveCfg = Release|Any CPU
		{D20A2E1C-F786-49B0-9F10-920256647C4B}.Debug|Any CPU.ActiveCfg = Debug|Any CPU
		{D20A2E1C-F786-49B0-9F10-920256647C4B}.Debug|Any CPU.Build.0 = Debug|Any CPU
		{D20A2E1C-F786-49B0-9F10-920256647C4B}.Release|Any CPU.ActiveCfg = Release|Any CPU
		{D20A2E1C-F786-49B0-9F10-920256647C4B}.Release|Any CPU.Build.0 = Release|Any CPU
	EndGlobalSection
	GlobalSection(SolutionProperties) = preSolution
		HideSolutionNode = FALSE
	EndGlobalSection
EndGlobal
